// !$*UTF8*$!
{
	archiveVersion = 1;
	classes = {
	};
	objectVersion = 46;
	objects = {

/* Begin PBXBuildFile section */
		173CF2571BD688AE001C6CA1 /* App.m in Sources */ = {isa = PBXBuildFile; fileRef = 173CF2501BD688AE001C6CA1 /* App.m */; };
		173CF2581BD688AE001C6CA1 /* fishhook.c in Sources */ = {isa = PBXBuildFile; fileRef = 173CF2511BD688AE001C6CA1 /* fishhook.c */; };
		173CF25A1BD688AE001C6CA1 /* main.m in Sources */ = {isa = PBXBuildFile; fileRef = 173CF2541BD688AE001C6CA1 /* main.m */; };
		173CF25B1BD688AE001C6CA1 /* wkwvquic.mm in Sources */ = {isa = PBXBuildFile; fileRef = 173CF2551BD688AE001C6CA1 /* wkwvquic.mm */; };
		173CF25D1BD688C8001C6CA1 /* WebKit.framework in Frameworks */ = {isa = PBXBuildFile; fileRef = 173CF25C1BD688C8001C6CA1 /* WebKit.framework */; };
/* End PBXBuildFile section */

/* Begin PBXFileReference section */
		173CF24F1BD688AE001C6CA1 /* App.h */ = {isa = PBXFileReference; fileEncoding = 4; lastKnownFileType = sourcecode.c.h; name = App.h; path = src/App.h; sourceTree = "<group>"; };
		173CF2501BD688AE001C6CA1 /* App.m */ = {isa = PBXFileReference; fileEncoding = 4; lastKnownFileType = sourcecode.c.objc; name = App.m; path = src/App.m; sourceTree = "<group>"; };
		173CF2511BD688AE001C6CA1 /* fishhook.c */ = {isa = PBXFileReference; fileEncoding = 4; lastKnownFileType = sourcecode.c.c; name = fishhook.c; path = src/fishhook.c; sourceTree = "<group>"; };
		173CF2521BD688AE001C6CA1 /* fishhook.h */ = {isa = PBXFileReference; fileEncoding = 4; lastKnownFileType = sourcecode.c.h; name = fishhook.h; path = src/fishhook.h; sourceTree = "<group>"; };
		173CF2531BD688AE001C6CA1 /* Info.plist */ = {isa = PBXFileReference; fileEncoding = 4; lastKnownFileType = text.plist.xml; name = Info.plist; path = src/Info.plist; sourceTree = "<group>"; };
		173CF2541BD688AE001C6CA1 /* main.m */ = {isa = PBXFileReference; fileEncoding = 4; lastKnownFileType = sourcecode.c.objc; name = main.m; path = src/main.m; sourceTree = "<group>"; };
		173CF2551BD688AE001C6CA1 /* wkwvquic.mm */ = {isa = PBXFileReference; fileEncoding = 4; lastKnownFileType = sourcecode.cpp.objcpp; name = wkwvquic.mm; path = src/wkwvquic.mm; sourceTree = "<group>"; };
		173CF2561BD688AE001C6CA1 /* wkwvquic.h */ = {isa = PBXFileReference; fileEncoding = 4; lastKnownFileType = sourcecode.c.h; name = wkwvquic.h; path = src/wkwvquic.h; sourceTree = "<group>"; };
		173CF25C1BD688C8001C6CA1 /* WebKit.framework */ = {isa = PBXFileReference; lastKnownFileType = wrapper.framework; name = WebKit.framework; path = System/Library/Frameworks/WebKit.framework; sourceTree = SDKROOT; };
		177335CE1BD5B1C900D251EA /* README.md */ = {isa = PBXFileReference; fileEncoding = 4; lastKnownFileType = net.daringfireball.markdown; path = README.md; sourceTree = "<group>"; };
		177335D01BD5B20300D251EA /* scratch.txt */ = {isa = PBXFileReference; fileEncoding = 4; lastKnownFileType = text; path = scratch.txt; sourceTree = "<group>"; };
		178536221C4BECDF00014541 /* xpc */ = {isa = PBXFileReference; lastKnownFileType = folder; name = xpc; path = src/xpc; sourceTree = "<group>"; };
		17D2D7831BD44C1700A9CD69 /* wkwvquic.app */ = {isa = PBXFileReference; explicitFileType = wrapper.application; includeInIndex = 0; path = wkwvquic.app; sourceTree = BUILT_PRODUCTS_DIR; };
/* End PBXFileReference section */

/* Begin PBXFrameworksBuildPhase section */
		17D2D7801BD44C1700A9CD69 /* Frameworks */ = {
			isa = PBXFrameworksBuildPhase;
			buildActionMask = 2147483647;
			files = (
				173CF25D1BD688C8001C6CA1 /* WebKit.framework in Frameworks */,
			);
			runOnlyForDeploymentPostprocessing = 0;
		};
/* End PBXFrameworksBuildPhase section */

/* Begin PBXGroup section */
		17D2D77A1BD44C1700A9CD69 = {
			isa = PBXGroup;
			children = (
				178536221C4BECDF00014541 /* xpc */,
				173CF25C1BD688C8001C6CA1 /* WebKit.framework */,
				173CF24F1BD688AE001C6CA1 /* App.h */,
				173CF2501BD688AE001C6CA1 /* App.m */,
				173CF2511BD688AE001C6CA1 /* fishhook.c */,
				173CF2521BD688AE001C6CA1 /* fishhook.h */,
				173CF2531BD688AE001C6CA1 /* Info.plist */,
				173CF2541BD688AE001C6CA1 /* main.m */,
				173CF2551BD688AE001C6CA1 /* wkwvquic.mm */,
				173CF2561BD688AE001C6CA1 /* wkwvquic.h */,
				177335D01BD5B20300D251EA /* scratch.txt */,
				177335CE1BD5B1C900D251EA /* README.md */,
				17D2D7841BD44C1700A9CD69 /* products */,
			);
			sourceTree = "<group>";
		};
		17D2D7841BD44C1700A9CD69 /* products */ = {
			isa = PBXGroup;
			children = (
				17D2D7831BD44C1700A9CD69 /* wkwvquic.app */,
			);
			name = products;
			sourceTree = "<group>";
		};
/* End PBXGroup section */

/* Begin PBXNativeTarget section */
		17D2D7821BD44C1700A9CD69 /* wkwvquic */ = {
			isa = PBXNativeTarget;
			buildConfigurationList = 17D2D7A61BD44C1700A9CD69 /* Build configuration list for PBXNativeTarget "wkwvquic" */;
			buildPhases = (
				17D2D77F1BD44C1700A9CD69 /* Sources */,
				17D2D7801BD44C1700A9CD69 /* Frameworks */,
				17D2D7811BD44C1700A9CD69 /* Resources */,
			);
			buildRules = (
			);
			dependencies = (
			);
			name = wkwvquic;
			productName = wktest2;
			productReference = 17D2D7831BD44C1700A9CD69 /* wkwvquic.app */;
			productType = "com.apple.product-type.application";
		};
/* End PBXNativeTarget section */

/* Begin PBXProject section */
		17D2D77B1BD44C1700A9CD69 /* Project object */ = {
			isa = PBXProject;
			attributes = {
				LastUpgradeCheck = 0630;
				ORGANIZATIONNAME = Emiel;
				TargetAttributes = {
					17D2D7821BD44C1700A9CD69 = {
						CreatedOnToolsVersion = 6.3.2;
					};
				};
			};
			buildConfigurationList = 17D2D77E1BD44C1700A9CD69 /* Build configuration list for PBXProject "wkwvquic" */;
			compatibilityVersion = "Xcode 3.2";
			developmentRegion = English;
			hasScannedForEncodings = 0;
			knownRegions = (
				en,
				Base,
			);
			mainGroup = 17D2D77A1BD44C1700A9CD69;
			productRefGroup = 17D2D7841BD44C1700A9CD69 /* products */;
			projectDirPath = "";
			projectRoot = "";
			targets = (
				17D2D7821BD44C1700A9CD69 /* wkwvquic */,
			);
		};
/* End PBXProject section */

/* Begin PBXResourcesBuildPhase section */
		17D2D7811BD44C1700A9CD69 /* Resources */ = {
			isa = PBXResourcesBuildPhase;
			buildActionMask = 2147483647;
			files = (
			);
			runOnlyForDeploymentPostprocessing = 0;
		};
/* End PBXResourcesBuildPhase section */

/* Begin PBXSourcesBuildPhase section */
		17D2D77F1BD44C1700A9CD69 /* Sources */ = {
			isa = PBXSourcesBuildPhase;
			buildActionMask = 2147483647;
			files = (
				173CF2581BD688AE001C6CA1 /* fishhook.c in Sources */,
				173CF25B1BD688AE001C6CA1 /* wkwvquic.mm in Sources */,
				173CF25A1BD688AE001C6CA1 /* main.m in Sources */,
				173CF2571BD688AE001C6CA1 /* App.m in Sources */,
			);
			runOnlyForDeploymentPostprocessing = 0;
		};
/* End PBXSourcesBuildPhase section */

/* Begin XCBuildConfiguration section */
		17D2D7A41BD44C1700A9CD69 /* Debug */ = {
			isa = XCBuildConfiguration;
			buildSettings = {
				ALWAYS_SEARCH_USER_PATHS = NO;
				CLANG_CXX_LANGUAGE_STANDARD = "gnu++0x";
				CLANG_CXX_LIBRARY = "libc++";
				CLANG_ENABLE_MODULES = YES;
				CLANG_ENABLE_OBJC_ARC = YES;
				CLANG_WARN_BOOL_CONVERSION = YES;
				CLANG_WARN_CONSTANT_CONVERSION = YES;
				CLANG_WARN_DIRECT_OBJC_ISA_USAGE = YES_ERROR;
				CLANG_WARN_EMPTY_BODY = YES;
				CLANG_WARN_ENUM_CONVERSION = YES;
				CLANG_WARN_INT_CONVERSION = YES;
				CLANG_WARN_OBJC_ROOT_CLASS = YES_ERROR;
				CLANG_WARN_UNREACHABLE_CODE = YES;
				CLANG_WARN__DUPLICATE_METHOD_MATCH = YES;
				"CODE_SIGN_IDENTITY[sdk=iphoneos*]" = "iPhone Developer";
				COPY_PHASE_STRIP = NO;
				DEBUG_INFORMATION_FORMAT = "dwarf-with-dsym";
				ENABLE_STRICT_OBJC_MSGSEND = YES;
				GCC_C_LANGUAGE_STANDARD = gnu99;
				GCC_DYNAMIC_NO_PIC = NO;
				GCC_NO_COMMON_BLOCKS = YES;
				GCC_OPTIMIZATION_LEVEL = 0;
				GCC_PREPROCESSOR_DEFINITIONS = (
					"DEBUG=1",
					"$(inherited)",
				);
				GCC_SYMBOLS_PRIVATE_EXTERN = NO;
				GCC_WARN_64_TO_32_BIT_CONVERSION = YES;
				GCC_WARN_ABOUT_RETURN_TYPE = YES_ERROR;
				GCC_WARN_UNDECLARED_SELECTOR = YES;
				GCC_WARN_UNINITIALIZED_AUTOS = YES_AGGRESSIVE;
				GCC_WARN_UNUSED_FUNCTION = YES;
				GCC_WARN_UNUSED_VARIABLE = YES;
				IPHONEOS_DEPLOYMENT_TARGET = 8.0;
				MTL_ENABLE_DEBUG_INFO = YES;
				ONLY_ACTIVE_ARCH = YES;
				SDKROOT = iphoneos;
				TARGETED_DEVICE_FAMILY = "1,2";
			};
			name = Debug;
		};
		17D2D7A51BD44C1700A9CD69 /* Release */ = {
			isa = XCBuildConfiguration;
			buildSettings = {
				ALWAYS_SEARCH_USER_PATHS = NO;
				CLANG_CXX_LANGUAGE_STANDARD = "gnu++0x";
				CLANG_CXX_LIBRARY = "libc++";
				CLANG_ENABLE_MODULES = YES;
				CLANG_ENABLE_OBJC_ARC = YES;
				CLANG_WARN_BOOL_CONVERSION = YES;
				CLANG_WARN_CONSTANT_CONVERSION = YES;
				CLANG_WARN_DIRECT_OBJC_ISA_USAGE = YES_ERROR;
				CLANG_WARN_EMPTY_BODY = YES;
				CLANG_WARN_ENUM_CONVERSION = YES;
				CLANG_WARN_INT_CONVERSION = YES;
				CLANG_WARN_OBJC_ROOT_CLASS = YES_ERROR;
				CLANG_WARN_UNREACHABLE_CODE = YES;
				CLANG_WARN__DUPLICATE_METHOD_MATCH = YES;
				"CODE_SIGN_IDENTITY[sdk=iphoneos*]" = "iPhone Developer";
				COPY_PHASE_STRIP = NO;
				DEBUG_INFORMATION_FORMAT = "dwarf-with-dsym";
				ENABLE_NS_ASSERTIONS = NO;
				ENABLE_STRICT_OBJC_MSGSEND = YES;
				GCC_C_LANGUAGE_STANDARD = gnu99;
				GCC_NO_COMMON_BLOCKS = YES;
				GCC_WARN_64_TO_32_BIT_CONVERSION = YES;
				GCC_WARN_ABOUT_RETURN_TYPE = YES_ERROR;
				GCC_WARN_UNDECLARED_SELECTOR = YES;
				GCC_WARN_UNINITIALIZED_AUTOS = YES_AGGRESSIVE;
				GCC_WARN_UNUSED_FUNCTION = YES;
				GCC_WARN_UNUSED_VARIABLE = YES;
				IPHONEOS_DEPLOYMENT_TARGET = 8.0;
				MTL_ENABLE_DEBUG_INFO = NO;
				SDKROOT = iphoneos;
				TARGETED_DEVICE_FAMILY = "1,2";
				VALIDATE_PRODUCT = YES;
			};
			name = Release;
		};
		17D2D7A71BD44C1700A9CD69 /* Debug */ = {
			isa = XCBuildConfiguration;
			buildSettings = {
				ASSETCATALOG_COMPILER_APPICON_NAME = AppIcon;
				INFOPLIST_FILE = "$(SRCROOT)/src/Info.plist";
				LD_RUNPATH_SEARCH_PATHS = "$(inherited) @executable_path/Frameworks";
				PRODUCT_BUNDLE_IDENTIFIER = "im.happening.wkwebview-quic";
				PRODUCT_NAME = "$(TARGET_NAME)";
			};
			name = Debug;
		};
		17D2D7A81BD44C1700A9CD69 /* Release */ = {
			isa = XCBuildConfiguration;
			buildSettings = {
				ASSETCATALOG_COMPILER_APPICON_NAME = AppIcon;
				INFOPLIST_FILE = "$(SRCROOT)/src/Info.plist";
				LD_RUNPATH_SEARCH_PATHS = "$(inherited) @executable_path/Frameworks";
				PRODUCT_BUNDLE_IDENTIFIER = "im.happening.wkwebview-quic";
				PRODUCT_NAME = "$(TARGET_NAME)";
			};
			name = Release;
		};
/* End XCBuildConfiguration section */

/* Begin XCConfigurationList section */
		17D2D77E1BD44C1700A9CD69 /* Build configuration list for PBXProject "wkwvquic" */ = {
			isa = XCConfigurationList;
			buildConfigurations = (
				17D2D7A41BD44C1700A9CD69 /* Debug */,
				17D2D7A51BD44C1700A9CD69 /* Release */,
			);
			defaultConfigurationIsVisible = 0;
			defaultConfigurationName = Release;
		};
		17D2D7A61BD44C1700A9CD69 /* Build configuration list for PBXNativeTarget "wkwvquic" */ = {
			isa = XCConfigurationList;
			buildConfigurations = (
				17D2D7A71BD44C1700A9CD69 /* Debug */,
				17D2D7A81BD44C1700A9CD69 /* Release */,
			);
			defaultConfigurationIsVisible = 0;
			defaultConfigurationName = Release;
		};
/* End XCConfigurationList section */
	};
	rootObject = 17D2D77B1BD44C1700A9CD69 /* Project object */;
}
